
Microsoft Visual Studio Solution File, Format Version 12.00
# Visual Studio Version 17
VisualStudioVersion = 17.11.35312.102
MinimumVisualStudioVersion = 10.0.40219.1
Project("{9A19103F-16F7-4668-BE54-9A1E7A4F7556}") = "rantBuddy", "rantBuddy.csproj", "{02BEB969-D9C9-4D94-B87A-A48A85968DF1}"
EndProject
Project("{9A19103F-16F7-4668-BE54-9A1E7A4F7556}") = "RantBuddyBusinessDataLogic", "RantBuddyBusinessDataLogic\RantBuddyBusinessDataLogic.csproj", "{C5F765C9-7AE2-40D2-890C-B2144E12C796}"
EndProject
Project("{FAE04EC0-301F-11D3-BF4B-00C04F79EFBC}") = "RantBuddyDataService", "RantBuddyDataService\RantBuddyDataService.csproj", "{3B3C018C-F07E-44FC-AA24-2741083CA619}"
EndProject
Project("{FAE04EC0-301F-11D3-BF4B-00C04F79EFBC}") = "RantBuddyCommon", "RantBuddyCommon\RantBuddyCommon.csproj", "{0E4D0939-A809-4DCB-88BF-5BED47BF02EB}"
EndProject
Project("{2150E333-8FDC-42A3-9474-1A3956D46DE8}") = "Solution Items", "Solution Items", "{02EA681E-C7D8-13C7-8484-4AC65E1B71E8}"
	ProjectSection(SolutionItems) = preProject
		.editorconfig = .editorconfig
	EndProjectSection
EndProject
Project("{FAE04EC0-301F-11D3-BF4B-00C04F79EFBC}") = "RantBuddyDesktop", "..\formLogin\RantBuddyDesktop.csproj", "{2C1310F4-D8ED-48E2-BBB5-A4F40F8CF4E3}"
EndProject
Global
	GlobalSection(SolutionConfigurationPlatforms) = preSolution
		Debug|Any CPU = Debug|Any CPU
		Release|Any CPU = Release|Any CPU
	EndGlobalSection
	GlobalSection(ProjectConfigurationPlatforms) = postSolution
		{02BEB969-D9C9-4D94-B87A-A48A85968DF1}.Debug|Any CPU.ActiveCfg = Debug|Any CPU
		{02BEB969-D9C9-4D94-B87A-A48A85968DF1}.Debug|Any CPU.Build.0 = Debug|Any CPU
		{02BEB969-D9C9-4D94-B87A-A48A85968DF1}.Release|Any CPU.ActiveCfg = Release|Any CPU
		{02BEB969-D9C9-4D94-B87A-A48A85968DF1}.Release|Any CPU.Build.0 = Release|Any CPU
		{C5F765C9-7AE2-40D2-890C-B2144E12C796}.Debug|Any CPU.ActiveCfg = Debug|Any CPU
		{C5F765C9-7AE2-40D2-890C-B2144E12C796}.Debug|Any CPU.Build.0 = Debug|Any CPU
		{C5F765C9-7AE2-40D2-890C-B2144E12C796}.Release|Any CPU.ActiveCfg = Release|Any CPU
		{C5F765C9-7AE2-40D2-890C-B2144E12C796}.Release|Any CPU.Build.0 = Release|Any CPU
		{3B3C018C-F07E-44FC-AA24-2741083CA619}.Debug|Any CPU.ActiveCfg = Debug|Any CPU
		{3B3C018C-F07E-44FC-AA24-2741083CA619}.Debug|Any CPU.Build.0 = Debug|Any CPU
		{3B3C018C-F07E-44FC-AA24-2741083CA619}.Release|Any CPU.ActiveCfg = Release|Any CPU
		{3B3C018C-F07E-44FC-AA24-2741083CA619}.Release|Any CPU.Build.0 = Release|Any CPU
		{0E4D0939-A809-4DCB-88BF-5BED47BF02EB}.Debug|Any CPU.ActiveCfg = Debug|Any CPU
		{0E4D0939-A809-4DCB-88BF-5BED47BF02EB}.Debug|Any CPU.Build.0 = Debug|Any CPU
		{0E4D0939-A809-4DCB-88BF-5BED47BF02EB}.Release|Any CPU.ActiveCfg = Release|Any CPU
		{0E4D0939-A809-4DCB-88BF-5BED47BF02EB}.Release|Any CPU.Build.0 = Release|Any CPU
		{2C1310F4-D8ED-48E2-BBB5-A4F40F8CF4E3}.Debug|Any CPU.ActiveCfg = Debug|Any CPU
		{2C1310F4-D8ED-48E2-BBB5-A4F40F8CF4E3}.Debug|Any CPU.Build.0 = Debug|Any CPU
		{2C1310F4-D8ED-48E2-BBB5-A4F40F8CF4E3}.Release|Any CPU.ActiveCfg = Release|Any CPU
		{2C1310F4-D8ED-48E2-BBB5-A4F40F8CF4E3}.Release|Any CPU.Build.0 = Release|Any CPU
	EndGlobalSection
	GlobalSection(SolutionProperties) = preSolution
		HideSolutionNode = FALSE
	EndGlobalSection
	GlobalSection(ExtensibilityGlobals) = postSolution
		SolutionGuid = {CE8A87DB-9A6E-46A0-9423-659097FB74D7}
	EndGlobalSection
EndGlobal
